
Microsoft Visual Studio Solution File, Format Version 12.00
# Visual Studio Version 17
VisualStudioVersion = 17.0.31919.166
MinimumVisualStudioVersion = 10.0.40219.1
Project("{2150E333-8FDC-42A3-9474-1A3956D46DE8}") = "Project", "Project", "{9BFFC24E-CDE1-4CA4-9365-9225A676E8FD}"
EndProject
Project("{9A19103F-16F7-4668-BE54-9A1E7A4F7556}") = "CSNK.Project.Portal", "Project\CSNK.Project.Portal\CSNK.Project.Portal.csproj", "{83134514-3C84-4EF0-8840-C8E3DD35B893}"
EndProject
Project("{2150E333-8FDC-42A3-9474-1A3956D46DE8}") = "Services", "Services", "{A2D28D3F-A6E4-488C-8230-7DED698D527E}"
EndProject
Project("{2150E333-8FDC-42A3-9474-1A3956D46DE8}") = "API", "API", "{2FB74CD3-E2FB-4EE8-AEEC-C6CA21637687}"
EndProject
Project("{9A19103F-16F7-4668-BE54-9A1E7A4F7556}") = "CSNK.Service.API", "Services\API\CSNK.Service.API\CSNK.Service.API.csproj", "{99F5CA8B-E31D-4D8F-9FE7-92F52804E39A}"
EndProject
Project("{2150E333-8FDC-42A3-9474-1A3956D46DE8}") = "Common", "Common", "{A0CC7A1E-54EC-4A68-9828-BCE787EA6858}"
EndProject
Project("{9A19103F-16F7-4668-BE54-9A1E7A4F7556}") = "CSNK.Common.Base", "Common\CSNK.Common.Base\CSNK.Common.Base.csproj", "{F9B692B2-2A7C-44D5-A5BE-7054522B1C6A}"
EndProject
Project("{2150E333-8FDC-42A3-9474-1A3956D46DE8}") = "Features", "Features", "{E7582CD6-81A5-473B-8EC9-F27BD536303B}"
EndProject
Project("{9A19103F-16F7-4668-BE54-9A1E7A4F7556}") = "CSNK.Services.API.Proxy", "Services\API\CSNK.Services.API.Proxy\CSNK.Services.API.Proxy.csproj", "{8EF8C691-7E2A-4FF6-B4C1-549FA923A6B4}"
EndProject
Project("{9A19103F-16F7-4668-BE54-9A1E7A4F7556}") = "CSNK.Services.Features.Customer", "Services\Features\CSNK.Services.Features.Customer\CSNK.Services.Features.Customer.csproj", "{A4B1A227-929C-4ED5-BBED-1B6EC84B1F48}"
EndProject
Global
	GlobalSection(SolutionConfigurationPlatforms) = preSolution
		Debug|Any CPU = Debug|Any CPU
		Release|Any CPU = Release|Any CPU
	EndGlobalSection
	GlobalSection(ProjectConfigurationPlatforms) = postSolution
		{83134514-3C84-4EF0-8840-C8E3DD35B893}.Debug|Any CPU.ActiveCfg = Debug|Any CPU
		{83134514-3C84-4EF0-8840-C8E3DD35B893}.Debug|Any CPU.Build.0 = Debug|Any CPU
		{83134514-3C84-4EF0-8840-C8E3DD35B893}.Release|Any CPU.ActiveCfg = Release|Any CPU
		{83134514-3C84-4EF0-8840-C8E3DD35B893}.Release|Any CPU.Build.0 = Release|Any CPU
		{99F5CA8B-E31D-4D8F-9FE7-92F52804E39A}.Debug|Any CPU.ActiveCfg = Debug|Any CPU
		{99F5CA8B-E31D-4D8F-9FE7-92F52804E39A}.Debug|Any CPU.Build.0 = Debug|Any CPU
		{99F5CA8B-E31D-4D8F-9FE7-92F52804E39A}.Release|Any CPU.ActiveCfg = Release|Any CPU
		{99F5CA8B-E31D-4D8F-9FE7-92F52804E39A}.Release|Any CPU.Build.0 = Release|Any CPU
		{F9B692B2-2A7C-44D5-A5BE-7054522B1C6A}.Debug|Any CPU.ActiveCfg = Debug|Any CPU
		{F9B692B2-2A7C-44D5-A5BE-7054522B1C6A}.Debug|Any CPU.Build.0 = Debug|Any CPU
		{F9B692B2-2A7C-44D5-A5BE-7054522B1C6A}.Release|Any CPU.ActiveCfg = Release|Any CPU
		{F9B692B2-2A7C-44D5-A5BE-7054522B1C6A}.Release|Any CPU.Build.0 = Release|Any CPU
		{8EF8C691-7E2A-4FF6-B4C1-549FA923A6B4}.Debug|Any CPU.ActiveCfg = Debug|Any CPU
		{8EF8C691-7E2A-4FF6-B4C1-549FA923A6B4}.Debug|Any CPU.Build.0 = Debug|Any CPU
		{8EF8C691-7E2A-4FF6-B4C1-549FA923A6B4}.Release|Any CPU.ActiveCfg = Release|Any CPU
		{8EF8C691-7E2A-4FF6-B4C1-549FA923A6B4}.Release|Any CPU.Build.0 = Release|Any CPU
		{A4B1A227-929C-4ED5-BBED-1B6EC84B1F48}.Debug|Any CPU.ActiveCfg = Debug|Any CPU
		{A4B1A227-929C-4ED5-BBED-1B6EC84B1F48}.Debug|Any CPU.Build.0 = Debug|Any CPU
		{A4B1A227-929C-4ED5-BBED-1B6EC84B1F48}.Release|Any CPU.ActiveCfg = Release|Any CPU
		{A4B1A227-929C-4ED5-BBED-1B6EC84B1F48}.Release|Any CPU.Build.0 = Release|Any CPU
	EndGlobalSection
	GlobalSection(SolutionProperties) = preSolution
		HideSolutionNode = FALSE
	EndGlobalSection
	GlobalSection(NestedProjects) = preSolution
		{83134514-3C84-4EF0-8840-C8E3DD35B893} = {9BFFC24E-CDE1-4CA4-9365-9225A676E8FD}
		{2FB74CD3-E2FB-4EE8-AEEC-C6CA21637687} = {A2D28D3F-A6E4-488C-8230-7DED698D527E}
		{99F5CA8B-E31D-4D8F-9FE7-92F52804E39A} = {2FB74CD3-E2FB-4EE8-AEEC-C6CA21637687}
		{F9B692B2-2A7C-44D5-A5BE-7054522B1C6A} = {A0CC7A1E-54EC-4A68-9828-BCE787EA6858}
		{E7582CD6-81A5-473B-8EC9-F27BD536303B} = {A2D28D3F-A6E4-488C-8230-7DED698D527E}
		{8EF8C691-7E2A-4FF6-B4C1-549FA923A6B4} = {2FB74CD3-E2FB-4EE8-AEEC-C6CA21637687}
		{A4B1A227-929C-4ED5-BBED-1B6EC84B1F48} = {E7582CD6-81A5-473B-8EC9-F27BD536303B}
	EndGlobalSection
	GlobalSection(ExtensibilityGlobals) = postSolution
		SolutionGuid = {D1BF68DD-0592-4A96-AD8F-201E2764F42D}
	EndGlobalSection
EndGlobal
